
Microsoft Visual Studio Solution File, Format Version 12.00
# Visual Studio 15
VisualStudioVersion = 15.0.26730.16
MinimumVisualStudioVersion = 10.0.40219.1
Project("{FAE04EC0-301F-11D3-BF4B-00C04F79EFBC}") = "WeStock", "WeStock\WeStock.csproj", "{809E3BD2-9E53-4E19-B964-C0850882F07F}"
EndProject
Global
	GlobalSection(SolutionConfigurationPlatforms) = preSolution
		Debug|Any CPU = Debug|Any CPU
		Release|Any CPU = Release|Any CPU
	EndGlobalSection
	GlobalSection(ProjectConfigurationPlatforms) = postSolution
		{809E3BD2-9E53-4E19-B964-C0850882F07F}.Debug|Any CPU.ActiveCfg = Debug|Any CPU
		{809E3BD2-9E53-4E19-B964-C0850882F07F}.Debug|Any CPU.Build.0 = Debug|Any CPU
		{809E3BD2-9E53-4E19-B964-C0850882F07F}.Release|Any CPU.ActiveCfg = Release|Any CPU
		{809E3BD2-9E53-4E19-B964-C0850882F07F}.Release|Any CPU.Build.0 = Release|Any CPU
	EndGlobalSection
	GlobalSection(SolutionProperties) = preSolution
		HideSolutionNode = FALSE
	EndGlobalSection
	GlobalSection(ExtensibilityGlobals) = postSolution
		SolutionGuid = {36C2156C-6E72-4AC4-9236-BF56CD66E749}
	EndGlobalSection
EndGlobal
